{
  "requires": true,
  "lockfileVersion": 1,
  "dependencies": {
    "re-base": {
      "version": "4.0.0",
      "resolved": "https://registry.npmjs.org/re-base/-/re-base-4.0.0.tgz",
      "integrity": "sha512-btpYJuWOtPBiOW9osRu3O36kXbEK+J9HrJPwIbFZSd/r4wW3wJMBXLwASmilcE+mQIWupqmGdPyR+ZV+nKkSHA==",
      "dev": true
    }
  }
}
